
Microsoft Visual Studio Solution File, Format Version 12.00
# Visual Studio Version 16
VisualStudioVersion = 16.0.29920.165
MinimumVisualStudioVersion = 10.0.40219.1
Project("{FAE04EC0-301F-11D3-BF4B-00C04F79EFBC}") = "Revolus.WhatsMissing", "Revolus.WhatsMissing.csproj", "{D0B0C35E-7A5B-4E55-8AF2-8D42B82F59E4}"
EndProject
Project("{2150E333-8FDC-42A3-9474-1A3956D46DE8}") = "Solution Items", "Solution Items", "{354D009A-A799-43A2-9E5A-00D0DA17F2B7}"
	ProjectSection(SolutionItems) = preProject
		.editorconfig = .editorconfig
	EndProjectSection
EndProject
Global
	GlobalSection(SolutionConfigurationPlatforms) = preSolution
		Debug|Any CPU = Debug|Any CPU
		Release|Any CPU = Release|Any CPU
	EndGlobalSection
	GlobalSection(ProjectConfigurationPlatforms) = postSolution
		{D0B0C35E-7A5B-4E55-8AF2-8D42B82F59E4}.Debug|Any CPU.ActiveCfg = Debug|Any CPU
		{D0B0C35E-7A5B-4E55-8AF2-8D42B82F59E4}.Debug|Any CPU.Build.0 = Debug|Any CPU
		{D0B0C35E-7A5B-4E55-8AF2-8D42B82F59E4}.Release|Any CPU.ActiveCfg = Release|Any CPU
		{D0B0C35E-7A5B-4E55-8AF2-8D42B82F59E4}.Release|Any CPU.Build.0 = Release|Any CPU
	EndGlobalSection
	GlobalSection(SolutionProperties) = preSolution
		HideSolutionNode = FALSE
	EndGlobalSection
	GlobalSection(ExtensibilityGlobals) = postSolution
		SolutionGuid = {0C1E3323-BBE2-4C69-A17B-056B7B277112}
	EndGlobalSection
EndGlobal
