
Microsoft Visual Studio Solution File, Format Version 12.00
# Visual Studio Version 16
VisualStudioVersion = 16.0.31624.102
MinimumVisualStudioVersion = 10.0.40219.1
Project("{FAE04EC0-301F-11D3-BF4B-00C04F79EFBC}") = "RWLayoutNS", "RWLayoutNS\RWLayoutNS.csproj", "{372ECDDB-E86F-4FFE-8032-6D59EC29E886}"
EndProject
Global
	GlobalSection(SolutionConfigurationPlatforms) = preSolution
		Debug|Any CPU = Debug|Any CPU
		Release|Any CPU = Release|Any CPU
	EndGlobalSection
	GlobalSection(ProjectConfigurationPlatforms) = postSolution
		{372ECDDB-E86F-4FFE-8032-6D59EC29E886}.Debug|Any CPU.ActiveCfg = Debug|Any CPU
		{372ECDDB-E86F-4FFE-8032-6D59EC29E886}.Debug|Any CPU.Build.0 = Debug|Any CPU
		{372ECDDB-E86F-4FFE-8032-6D59EC29E886}.Release|Any CPU.ActiveCfg = Release|Any CPU
		{372ECDDB-E86F-4FFE-8032-6D59EC29E886}.Release|Any CPU.Build.0 = Release|Any CPU
	EndGlobalSection
	GlobalSection(SolutionProperties) = preSolution
		HideSolutionNode = FALSE
	EndGlobalSection
	GlobalSection(ExtensibilityGlobals) = postSolution
		SolutionGuid = {783F07F9-6061-48BC-9230-CB95809E2738}
	EndGlobalSection
EndGlobal
