
Microsoft Visual Studio Solution File, Format Version 12.00
# Visual Studio 14
VisualStudioVersion = 14.0.25420.1
MinimumVisualStudioVersion = 10.0.40219.1
Project("{FAE04EC0-301F-11D3-BF4B-00C04F79EFBC}") = "aRandomKiwi_HuntingTraining", "aRandomKiwi_HuntingTraining\aRandomKiwi_HuntingTraining.csproj", "{BBCF60E6-32A4-4B5A-BC73-DADC2921F80B}"
EndProject
Global
	GlobalSection(SolutionConfigurationPlatforms) = preSolution
		Debug|Any CPU = Debug|Any CPU
		Release|Any CPU = Release|Any CPU
	EndGlobalSection
	GlobalSection(ProjectConfigurationPlatforms) = postSolution
		{BBCF60E6-32A4-4B5A-BC73-DADC2921F80B}.Debug|Any CPU.ActiveCfg = Debug|Any CPU
		{BBCF60E6-32A4-4B5A-BC73-DADC2921F80B}.Debug|Any CPU.Build.0 = Debug|Any CPU
		{BBCF60E6-32A4-4B5A-BC73-DADC2921F80B}.Release|Any CPU.ActiveCfg = Release|Any CPU
		{BBCF60E6-32A4-4B5A-BC73-DADC2921F80B}.Release|Any CPU.Build.0 = Release|Any CPU
	EndGlobalSection
	GlobalSection(SolutionProperties) = preSolution
		HideSolutionNode = FALSE
	EndGlobalSection
EndGlobal
