
Microsoft Visual Studio Solution File, Format Version 12.00
# Visual Studio 15
VisualStudioVersion = 15.0.27004.2009
MinimumVisualStudioVersion = 10.0.40219.1
Project("{FAE04EC0-301F-11D3-BF4B-00C04F79EFBC}") = "Dismiss_Trader", "Source\Dismiss_Trader.csproj", "{D7D21B4A-1DA7-41D8-B202-C58CA8FA62AA}"
EndProject
Global
	GlobalSection(SolutionConfigurationPlatforms) = preSolution
		Debug|Any CPU = Debug|Any CPU
		Release|Any CPU = Release|Any CPU
	EndGlobalSection
	GlobalSection(ProjectConfigurationPlatforms) = postSolution
		{D7D21B4A-1DA7-41D8-B202-C58CA8FA62AA}.Debug|Any CPU.ActiveCfg = Debug|Any CPU
		{D7D21B4A-1DA7-41D8-B202-C58CA8FA62AA}.Debug|Any CPU.Build.0 = Debug|Any CPU
		{D7D21B4A-1DA7-41D8-B202-C58CA8FA62AA}.Release|Any CPU.ActiveCfg = Release|Any CPU
		{D7D21B4A-1DA7-41D8-B202-C58CA8FA62AA}.Release|Any CPU.Build.0 = Release|Any CPU
		{DE5B7748-333A-428F-BCA9-4DB67FB289A3}.Debug|Any CPU.ActiveCfg = Release|x86
		{DE5B7748-333A-428F-BCA9-4DB67FB289A3}.Release|Any CPU.ActiveCfg = Release|x86
	EndGlobalSection
	GlobalSection(SolutionProperties) = preSolution
		HideSolutionNode = FALSE
	EndGlobalSection
	GlobalSection(ExtensibilityGlobals) = postSolution
		SolutionGuid = {28CF9A73-5333-4EB3-BFCC-3FBEDDA19200}
	EndGlobalSection
EndGlobal
