
Microsoft Visual Studio Solution File, Format Version 12.00
# Visual Studio Version 16
VisualStudioVersion = 16.0.29911.84
MinimumVisualStudioVersion = 10.0.40219.1
Project("{FAE04EC0-301F-11D3-BF4B-00C04F79EFBC}") = "ExperimentalOptimizations", "ExperimentalOptimizations.csproj", "{81AED580-E2A3-493B-911C-413F70AC915D}"
EndProject
Global
	GlobalSection(SolutionConfigurationPlatforms) = preSolution
		Debug|Any CPU = Debug|Any CPU
		Release|Any CPU = Release|Any CPU
	EndGlobalSection
	GlobalSection(ProjectConfigurationPlatforms) = postSolution
		{81AED580-E2A3-493B-911C-413F70AC915D}.Debug|Any CPU.ActiveCfg = Debug|Any CPU
		{81AED580-E2A3-493B-911C-413F70AC915D}.Debug|Any CPU.Build.0 = Debug|Any CPU
		{81AED580-E2A3-493B-911C-413F70AC915D}.Release|Any CPU.ActiveCfg = Release|Any CPU
		{81AED580-E2A3-493B-911C-413F70AC915D}.Release|Any CPU.Build.0 = Release|Any CPU
	EndGlobalSection
	GlobalSection(SolutionProperties) = preSolution
		HideSolutionNode = FALSE
	EndGlobalSection
	GlobalSection(ExtensibilityGlobals) = postSolution
		SolutionGuid = {514E8FCE-8875-4F99-919D-A12C969CD4F3}
	EndGlobalSection
EndGlobal
