
Microsoft Visual Studio Solution File, Format Version 12.00
# Visual Studio Version 17
VisualStudioVersion = 17.3.32811.315
MinimumVisualStudioVersion = 10.0.40219.1
Project("{FAE04EC0-301F-11D3-BF4B-00C04F79EFBC}") = "ModIndicator", "ModIndicator.csproj", "{9B772879-8756-44A2-A3F0-D56D88EEDCEA}"
EndProject
Global
	GlobalSection(SolutionConfigurationPlatforms) = preSolution
		Debug|Any CPU = Debug|Any CPU
		Release|Any CPU = Release|Any CPU
	EndGlobalSection
	GlobalSection(ProjectConfigurationPlatforms) = postSolution
		{9B772879-8756-44A2-A3F0-D56D88EEDCEA}.Debug|Any CPU.ActiveCfg = Debug|Any CPU
		{9B772879-8756-44A2-A3F0-D56D88EEDCEA}.Debug|Any CPU.Build.0 = Debug|Any CPU
		{9B772879-8756-44A2-A3F0-D56D88EEDCEA}.Release|Any CPU.ActiveCfg = Release|Any CPU
		{9B772879-8756-44A2-A3F0-D56D88EEDCEA}.Release|Any CPU.Build.0 = Release|Any CPU
	EndGlobalSection
	GlobalSection(SolutionProperties) = preSolution
		HideSolutionNode = FALSE
	EndGlobalSection
	GlobalSection(ExtensibilityGlobals) = postSolution
		SolutionGuid = {C921E774-9A5A-4B4B-912C-780DB5D19820}
	EndGlobalSection
EndGlobal
