Microsoft Visual Studio Solution File, Format Version 12.00
# Visual Studio Version 17
VisualStudioVersion = 17.11.35312.102
MinimumVisualStudioVersion = 10.0.40219.1
Project("{FAE04EC0-301F-11D3-BF4B-00C04F79EFBC}") = "ApplyToAllDoorsPatch", "ApplyToAllDoorsPatch\ApplyToAllDoorsPatch.csproj", "{EDBE8890-49EE-4E26-B730-F199392DF7C1}"
EndProject
Project("{FAE04EC0-301F-11D3-BF4B-00C04F79EFBC}") = "AutoRebuildTerrainOnSeismicActivity", "AutoRebuildTerrainOnSeismicActivity\AutoRebuildTerrainOnSeismicActivity.csproj", "{295B25EA-3059-4769-A068-F86C5BE87EA2}"
EndProject
Project("{FAE04EC0-301F-11D3-BF4B-00C04F79EFBC}") = "EnhancedDefSelector", "EnhancedDefSelector\EnhancedDefSelector.csproj", "{D47182E5-17F8-4500-B445-CE298604E9A4}"
EndProject
Project("{FAE04EC0-301F-11D3-BF4B-00C04F79EFBC}") = "ToggleDBHGridsPatch", "ToggleDBHGridsPatch\ToggleDBHGridsPatch.csproj", "{8644511C-C24C-49CA-B23D-CB4CA0755419}"
EndProject
Project("{FAE04EC0-301F-11D3-BF4B-00C04F79EFBC}") = "ToggleRimefellerGridsPatch", "ToggleRimefellerGridsPatch\ToggleRimefellerGridsPatch.csproj", "{43C858ED-8C8B-4D50-8104-C144B87DF5AB}"
EndProject
Project("{FAE04EC0-301F-11D3-BF4B-00C04F79EFBC}") = "StorageSelector", "StorageSelector\StorageSelector.csproj", "{B6E07A87-C24D-4C85-9C42-91B25737C361}"
EndProject
Project("{FAE04EC0-301F-11D3-BF4B-00C04F79EFBC}") = "ModSettings", "ModSettings\ModSettings.csproj", "{C7A5911F-C5F1-4B0F-BC8D-F4A6DA098C7A}"
EndProject
Global
	GlobalSection(SolutionConfigurationPlatforms) = preSolution
		Debug|Any CPU = Debug|Any CPU
		Release|Any CPU = Release|Any CPU
	EndGlobalSection
	GlobalSection(ProjectConfigurationPlatforms) = postSolution
		{EDBE8890-49EE-4E26-B730-F199392DF7C1}.Debug|Any CPU.ActiveCfg = Debug|Any CPU
		{EDBE8890-49EE-4E26-B730-F199392DF7C1}.Debug|Any CPU.Build.0 = Debug|Any CPU
		{EDBE8890-49EE-4E26-B730-F199392DF7C1}.Release|Any CPU.ActiveCfg = Release|Any CPU
		{EDBE8890-49EE-4E26-B730-F199392DF7C1}.Release|Any CPU.Build.0 = Release|Any CPU
		{295B25EA-3059-4769-A068-F86C5BE87EA2}.Debug|Any CPU.ActiveCfg = Debug|Any CPU
		{295B25EA-3059-4769-A068-F86C5BE87EA2}.Debug|Any CPU.Build.0 = Debug|Any CPU
		{295B25EA-3059-4769-A068-F86C5BE87EA2}.Release|Any CPU.ActiveCfg = Release|Any CPU
		{295B25EA-3059-4769-A068-F86C5BE87EA2}.Release|Any CPU.Build.0 = Release|Any CPU
		{D47182E5-17F8-4500-B445-CE298604E9A4}.Debug|Any CPU.ActiveCfg = Debug|Any CPU
		{D47182E5-17F8-4500-B445-CE298604E9A4}.Debug|Any CPU.Build.0 = Debug|Any CPU
		{D47182E5-17F8-4500-B445-CE298604E9A4}.Release|Any CPU.ActiveCfg = Release|Any CPU
		{D47182E5-17F8-4500-B445-CE298604E9A4}.Release|Any CPU.Build.0 = Release|Any CPU
		{8644511C-C24C-49CA-B23D-CB4CA0755419}.Debug|Any CPU.ActiveCfg = Debug|Any CPU
		{8644511C-C24C-49CA-B23D-CB4CA0755419}.Debug|Any CPU.Build.0 = Debug|Any CPU
		{8644511C-C24C-49CA-B23D-CB4CA0755419}.Release|Any CPU.ActiveCfg = Release|Any CPU
		{8644511C-C24C-49CA-B23D-CB4CA0755419}.Release|Any CPU.Build.0 = Release|Any CPU
		{43C858ED-8C8B-4D50-8104-C144B87DF5AB}.Debug|Any CPU.ActiveCfg = Debug|Any CPU
		{43C858ED-8C8B-4D50-8104-C144B87DF5AB}.Debug|Any CPU.Build.0 = Debug|Any CPU
		{43C858ED-8C8B-4D50-8104-C144B87DF5AB}.Release|Any CPU.ActiveCfg = Release|Any CPU
		{43C858ED-8C8B-4D50-8104-C144B87DF5AB}.Release|Any CPU.Build.0 = Release|Any CPU
		{B6E07A87-C24D-4C85-9C42-91B25737C361}.Debug|Any CPU.ActiveCfg = Debug|Any CPU
		{B6E07A87-C24D-4C85-9C42-91B25737C361}.Debug|Any CPU.Build.0 = Debug|Any CPU
		{B6E07A87-C24D-4C85-9C42-91B25737C361}.Release|Any CPU.ActiveCfg = Release|Any CPU
		{B6E07A87-C24D-4C85-9C42-91B25737C361}.Release|Any CPU.Build.0 = Release|Any CPU
		{C7A5911F-C5F1-4B0F-BC8D-F4A6DA098C7A}.Debug|Any CPU.ActiveCfg = Debug|Any CPU
		{C7A5911F-C5F1-4B0F-BC8D-F4A6DA098C7A}.Debug|Any CPU.Build.0 = Debug|Any CPU
		{C7A5911F-C5F1-4B0F-BC8D-F4A6DA098C7A}.Release|Any CPU.ActiveCfg = Release|Any CPU
		{C7A5911F-C5F1-4B0F-BC8D-F4A6DA098C7A}.Release|Any CPU.Build.0 = Release|Any CPU
	EndGlobalSection
	GlobalSection(SolutionProperties) = preSolution
		HideSolutionNode = FALSE
	EndGlobalSection
	GlobalSection(ExtensibilityGlobals) = postSolution
		SolutionGuid = {28BB9A7B-7043-4132-B665-B86153C8FA0E}
	EndGlobalSection
EndGlobal
