
Microsoft Visual Studio Solution File, Format Version 12.00
# Visual Studio Version 16
VisualStudioVersion = 16.0.31410.357
MinimumVisualStudioVersion = 10.0.40219.1
Project("{FAE04EC0-301F-11D3-BF4B-00C04F79EFBC}") = "RealisticTrade", "RealisticTrade.csproj", "{F6EFB6B1-E4FB-4541-BF45-E2AA31F69C4A}"
EndProject
Global
	GlobalSection(SolutionConfigurationPlatforms) = preSolution
		Debug|Any CPU = Debug|Any CPU
		Release|Any CPU = Release|Any CPU
	EndGlobalSection
	GlobalSection(ProjectConfigurationPlatforms) = postSolution
		{F6EFB6B1-E4FB-4541-BF45-E2AA31F69C4A}.Debug|Any CPU.ActiveCfg = Debug|Any CPU
		{F6EFB6B1-E4FB-4541-BF45-E2AA31F69C4A}.Debug|Any CPU.Build.0 = Debug|Any CPU
		{F6EFB6B1-E4FB-4541-BF45-E2AA31F69C4A}.Release|Any CPU.ActiveCfg = Release|Any CPU
		{F6EFB6B1-E4FB-4541-BF45-E2AA31F69C4A}.Release|Any CPU.Build.0 = Release|Any CPU
	EndGlobalSection
	GlobalSection(SolutionProperties) = preSolution
		HideSolutionNode = FALSE
	EndGlobalSection
	GlobalSection(ExtensibilityGlobals) = postSolution
		SolutionGuid = {02021E74-AB62-489B-9A9D-11D1CD205D20}
	EndGlobalSection
EndGlobal
