
Microsoft Visual Studio Solution File, Format Version 12.00
# Visual Studio Version 16
VisualStudioVersion = 16.0.30523.141
MinimumVisualStudioVersion = 10.0.40219.1
Project("{9A19103F-16F7-4668-BE54-9A1E7A4F7556}") = "Dubs Performance Analyzer", "Dubs Performance Analyzer.csproj", "{6EB466C5-07AA-4BF1-81FA-8FDD5C88F4A9}"
EndProject
Global
	GlobalSection(SolutionConfigurationPlatforms) = preSolution
		Debug|Any CPU = Debug|Any CPU
		Release|Any CPU = Release|Any CPU
	EndGlobalSection
	GlobalSection(ProjectConfigurationPlatforms) = postSolution
		{6EB466C5-07AA-4BF1-81FA-8FDD5C88F4A9}.Debug|Any CPU.ActiveCfg = Debug|Any CPU
		{6EB466C5-07AA-4BF1-81FA-8FDD5C88F4A9}.Debug|Any CPU.Build.0 = Debug|Any CPU
		{6EB466C5-07AA-4BF1-81FA-8FDD5C88F4A9}.Release|Any CPU.ActiveCfg = Release|Any CPU
		{6EB466C5-07AA-4BF1-81FA-8FDD5C88F4A9}.Release|Any CPU.Build.0 = Release|Any CPU
	EndGlobalSection
	GlobalSection(SolutionProperties) = preSolution
		HideSolutionNode = FALSE
	EndGlobalSection
	GlobalSection(ExtensibilityGlobals) = postSolution
		SolutionGuid = {7CAF3534-4CCB-4951-A5E7-092087271085}
	EndGlobalSection
EndGlobal
