
Microsoft Visual Studio Solution File, Format Version 12.00
# Visual Studio Version 16
VisualStudioVersion = 16.0.29102.190
MinimumVisualStudioVersion = 10.0.40219.1
Project("{FAE04EC0-301F-11D3-BF4B-00C04F79EFBC}") = "Source\yayoAni", "Source\yayoAni.csproj", "{4E6D396C-8607-4942-8ED2-AE43F37FF4CD}"
EndProject
Global
	GlobalSection(SolutionConfigurationPlatforms) = preSolution
		Release 1.3|Any CPU = Release 1.3|Any CPU
		Debug 1.3|Any CPU = Debug 1.3|Any CPU
		Debug 1.4|Any CPU = Debug 1.4|Any CPU
		Release 1.4|Any CPU = Release 1.4|Any CPU
	EndGlobalSection
	GlobalSection(ProjectConfigurationPlatforms) = postSolution
		{4E6D396C-8607-4942-8ED2-AE43F37FF4CD}.Debug 1.3|Any CPU.ActiveCfg = Debug 1.3|Any CPU
		{4E6D396C-8607-4942-8ED2-AE43F37FF4CD}.Debug 1.3|Any CPU.Build.0 = Debug 1.3|Any CPU
		{4E6D396C-8607-4942-8ED2-AE43F37FF4CD}.Release 1.3|Any CPU.ActiveCfg = Release 1.3|Any CPU
		{4E6D396C-8607-4942-8ED2-AE43F37FF4CD}.Release 1.3|Any CPU.Build.0 = Release 1.3|Any CPU
		{4E6D396C-8607-4942-8ED2-AE43F37FF4CD}.Debug 1.4|Any CPU.ActiveCfg = Debug 1.4|Any CPU
		{4E6D396C-8607-4942-8ED2-AE43F37FF4CD}.Debug 1.4|Any CPU.Build.0 = Debug 1.4|Any CPU
		{4E6D396C-8607-4942-8ED2-AE43F37FF4CD}.Release 1.4|Any CPU.ActiveCfg = Release 1.4|Any CPU
		{4E6D396C-8607-4942-8ED2-AE43F37FF4CD}.Release 1.4|Any CPU.Build.0 = Release 1.4|Any CPU
	EndGlobalSection
	GlobalSection(SolutionProperties) = preSolution
		HideSolutionNode = FALSE
	EndGlobalSection
	GlobalSection(ExtensibilityGlobals) = postSolution
		SolutionGuid = {BF7A55D6-FD31-4D70-8FF2-925D860F5865}
	EndGlobalSection
EndGlobal
