
Microsoft Visual Studio Solution File, Format Version 12.00
# Visual Studio 15
VisualStudioVersion = 15.0.28307.779
MinimumVisualStudioVersion = 10.0.40219.1
Project("{FAE04EC0-301F-11D3-BF4B-00C04F79EFBC}") = "Rainbeau's Realistic Planets-RW1.0", "Rainbeau's Realistic Planets-RW1.0\Rainbeau's Realistic Planets-RW1.0.csproj", "{D0C9D5BD-44FD-4215-ACAA-0BAC9655B831}"
EndProject
Project("{FAE04EC0-301F-11D3-BF4B-00C04F79EFBC}") = "Rainbeau's Realistic Planets-RW1.1", "Rainbeau's Realistic Planets-RW1.1\Rainbeau's Realistic Planets-RW1.1.csproj", "{D08858D7-3680-418E-8D40-C8F9588E041E}"
EndProject
Global
	GlobalSection(SolutionConfigurationPlatforms) = preSolution
		Debug|Any CPU = Debug|Any CPU
		Release|Any CPU = Release|Any CPU
	EndGlobalSection
	GlobalSection(ProjectConfigurationPlatforms) = postSolution
		{D0C9D5BD-44FD-4215-ACAA-0BAC9655B831}.Debug|Any CPU.ActiveCfg = Debug|Any CPU
		{D0C9D5BD-44FD-4215-ACAA-0BAC9655B831}.Debug|Any CPU.Build.0 = Debug|Any CPU
		{D0C9D5BD-44FD-4215-ACAA-0BAC9655B831}.Release|Any CPU.ActiveCfg = Release|Any CPU
		{D0C9D5BD-44FD-4215-ACAA-0BAC9655B831}.Release|Any CPU.Build.0 = Release|Any CPU
		{D08858D7-3680-418E-8D40-C8F9588E041E}.Debug|Any CPU.ActiveCfg = Debug|Any CPU
		{D08858D7-3680-418E-8D40-C8F9588E041E}.Debug|Any CPU.Build.0 = Debug|Any CPU
		{D08858D7-3680-418E-8D40-C8F9588E041E}.Release|Any CPU.ActiveCfg = Release|Any CPU
		{D08858D7-3680-418E-8D40-C8F9588E041E}.Release|Any CPU.Build.0 = Release|Any CPU
	EndGlobalSection
	GlobalSection(SolutionProperties) = preSolution
		HideSolutionNode = FALSE
	EndGlobalSection
	GlobalSection(ExtensibilityGlobals) = postSolution
		SolutionGuid = {B797BC00-BB5C-472B-9729-DF233D63B634}
	EndGlobalSection
EndGlobal
