
Microsoft Visual Studio Solution File, Format Version 12.00
# Visual Studio 15
VisualStudioVersion = 15.0.27004.2002
MinimumVisualStudioVersion = 10.0.40219.1
Project("{FAE04EC0-301F-11D3-BF4B-00C04F79EFBC}") = "ArchitectIcons", "ArchitectIcons.csproj", "{74EE2E22-EA28-48DA-9641-0A1C108C8FCF}"
EndProject
Global
	GlobalSection(SolutionConfigurationPlatforms) = preSolution
		Debug|Any CPU = Debug|Any CPU
		Release|Any CPU = Release|Any CPU
	EndGlobalSection
	GlobalSection(ProjectConfigurationPlatforms) = postSolution
		{74EE2E22-EA28-48DA-9641-0A1C108C8FCF}.Debug|Any CPU.ActiveCfg = Debug|Any CPU
		{74EE2E22-EA28-48DA-9641-0A1C108C8FCF}.Debug|Any CPU.Build.0 = Debug|Any CPU
		{74EE2E22-EA28-48DA-9641-0A1C108C8FCF}.Release|Any CPU.ActiveCfg = Release|Any CPU
		{74EE2E22-EA28-48DA-9641-0A1C108C8FCF}.Release|Any CPU.Build.0 = Release|Any CPU
	EndGlobalSection
	GlobalSection(SolutionProperties) = preSolution
		HideSolutionNode = FALSE
	EndGlobalSection
	GlobalSection(ExtensibilityGlobals) = postSolution
		SolutionGuid = {2433AAC8-A023-4A44-8024-8802562C3D4D}
	EndGlobalSection
EndGlobal
