
Microsoft Visual Studio Solution File, Format Version 12.00
# Visual Studio 14
VisualStudioVersion = 14.0.25123.0
MinimumVisualStudioVersion = 10.0.40219.1
Project("{FAE04EC0-301F-11D3-BF4B-00C04F79EFBC}") = "AutoEquip", "AutoEquip.csproj", "{A699E970-A47A-4F77-A397-3ED6259FBC35}"
EndProject
Global
	GlobalSection(SolutionConfigurationPlatforms) = preSolution
		Debug|Any CPU = Debug|Any CPU
		Release|Any CPU = Release|Any CPU
	EndGlobalSection
	GlobalSection(ProjectConfigurationPlatforms) = postSolution
		{A699E970-A47A-4F77-A397-3ED6259FBC35}.Debug|Any CPU.ActiveCfg = Debug|Any CPU
		{A699E970-A47A-4F77-A397-3ED6259FBC35}.Debug|Any CPU.Build.0 = Debug|Any CPU
		{A699E970-A47A-4F77-A397-3ED6259FBC35}.Release|Any CPU.ActiveCfg = Release|Any CPU
		{A699E970-A47A-4F77-A397-3ED6259FBC35}.Release|Any CPU.Build.0 = Release|Any CPU
	EndGlobalSection
	GlobalSection(SolutionProperties) = preSolution
		HideSolutionNode = FALSE
	EndGlobalSection
EndGlobal
