
Microsoft Visual Studio Solution File, Format Version 12.00
# Visual Studio 15
VisualStudioVersion = 15.0.27703.2042
MinimumVisualStudioVersion = 10.0.40219.1
Project("{FAE04EC0-301F-11D3-BF4B-00C04F79EFBC}") = "LetsGoExplore", "DoingTynansWork\LetsGoExplore.csproj", "{7E6CCD1E-4986-4783-999B-A6EE0074FDC5}"
EndProject
Global
	GlobalSection(SolutionConfigurationPlatforms) = preSolution
		Debug|Any CPU = Debug|Any CPU
		Release|Any CPU = Release|Any CPU
	EndGlobalSection
	GlobalSection(ProjectConfigurationPlatforms) = postSolution
		{7E6CCD1E-4986-4783-999B-A6EE0074FDC5}.Debug|Any CPU.ActiveCfg = Debug|Any CPU
		{7E6CCD1E-4986-4783-999B-A6EE0074FDC5}.Debug|Any CPU.Build.0 = Debug|Any CPU
		{7E6CCD1E-4986-4783-999B-A6EE0074FDC5}.Release|Any CPU.ActiveCfg = Release|Any CPU
		{7E6CCD1E-4986-4783-999B-A6EE0074FDC5}.Release|Any CPU.Build.0 = Release|Any CPU
	EndGlobalSection
	GlobalSection(SolutionProperties) = preSolution
		HideSolutionNode = FALSE
	EndGlobalSection
	GlobalSection(ExtensibilityGlobals) = postSolution
		SolutionGuid = {BEBCCB16-4924-4C33-B178-AC413547ECB6}
	EndGlobalSection
EndGlobal
