
Microsoft Visual Studio Solution File, Format Version 12.00
# Visual Studio 15
VisualStudioVersion = 15.0.28010.2026
MinimumVisualStudioVersion = 10.0.40219.1
Project("{FAE04EC0-301F-11D3-BF4B-00C04F79EFBC}") = "Numbers", "Numbers\Numbers.csproj", "{BA30D06A-3EAF-4302-8FD2-9C6A9BD177C4}"
EndProject
Global
	GlobalSection(SolutionConfigurationPlatforms) = preSolution
		Debug|Any CPU = Debug|Any CPU
		Release|Any CPU = Release|Any CPU
	EndGlobalSection
	GlobalSection(ProjectConfigurationPlatforms) = postSolution
		{BA30D06A-3EAF-4302-8FD2-9C6A9BD177C4}.Debug|Any CPU.ActiveCfg = Debug|Any CPU
		{BA30D06A-3EAF-4302-8FD2-9C6A9BD177C4}.Debug|Any CPU.Build.0 = Debug|Any CPU
		{BA30D06A-3EAF-4302-8FD2-9C6A9BD177C4}.Release|Any CPU.ActiveCfg = Release|Any CPU
		{BA30D06A-3EAF-4302-8FD2-9C6A9BD177C4}.Release|Any CPU.Build.0 = Release|Any CPU
	EndGlobalSection
	GlobalSection(SolutionProperties) = preSolution
		HideSolutionNode = FALSE
	EndGlobalSection
	GlobalSection(ExtensibilityGlobals) = postSolution
		SolutionGuid = {D8A5575F-E628-421F-B9ED-730E5483CB9D}
	EndGlobalSection
EndGlobal
