
Microsoft Visual Studio Solution File, Format Version 12.00
# Visual Studio 15
VisualStudioVersion = 15.0.28010.2026
MinimumVisualStudioVersion = 10.0.40219.1
Project("{FAE04EC0-301F-11D3-BF4B-00C04F79EFBC}") = "GraphicSetter", "GraphicSetter\GraphicSetter.csproj", "{FF5E3840-7107-4C2D-BF25-CCD3FE4325DD}"
EndProject
Global
	GlobalSection(SolutionConfigurationPlatforms) = preSolution
		Debug|Any CPU = Debug|Any CPU
		Release|Any CPU = Release|Any CPU
	EndGlobalSection
	GlobalSection(ProjectConfigurationPlatforms) = postSolution
		{FF5E3840-7107-4C2D-BF25-CCD3FE4325DD}.Debug|Any CPU.ActiveCfg = Debug|Any CPU
		{FF5E3840-7107-4C2D-BF25-CCD3FE4325DD}.Debug|Any CPU.Build.0 = Debug|Any CPU
		{FF5E3840-7107-4C2D-BF25-CCD3FE4325DD}.Release|Any CPU.ActiveCfg = Release|Any CPU
		{FF5E3840-7107-4C2D-BF25-CCD3FE4325DD}.Release|Any CPU.Build.0 = Release|Any CPU
	EndGlobalSection
	GlobalSection(SolutionProperties) = preSolution
		HideSolutionNode = FALSE
	EndGlobalSection
	GlobalSection(ExtensibilityGlobals) = postSolution
		SolutionGuid = {60599A50-FC1C-4A26-979A-D740A3BB65B7}
	EndGlobalSection
EndGlobal
